// !$*UTF8*$!
{
	archiveVersion = 1;
	classes = {
	};
	objectVersion = 46;
	objects = {

/* Begin PBXBuildFile section */
		B84F1C9E1ACE99DC00837A3B /* DispatchQueue.h in Headers */ = {isa = PBXBuildFile; fileRef = B84F1C9D1ACE99DC00837A3B /* DispatchQueue.h */; settings = {ATTRIBUTES = (Public, ); }; };
		B84F1CA41ACE99DC00837A3B /* DispatchQueue.framework in Frameworks */ = {isa = PBXBuildFile; fileRef = B84F1C981ACE99DC00837A3B /* DispatchQueue.framework */; };
		B84F1CAB1ACE99DC00837A3B /* DispatchQueueTests.swift in Sources */ = {isa = PBXBuildFile; fileRef = B84F1CAA1ACE99DC00837A3B /* DispatchQueueTests.swift */; };
		B84F1CB51ACEA09300837A3B /* DispatchQueue.swift in Sources */ = {isa = PBXBuildFile; fileRef = B84F1CB41ACEA09300837A3B /* DispatchQueue.swift */; };
		B84F1CB71ACEA44A00837A3B /* SerialQueue.swift in Sources */ = {isa = PBXBuildFile; fileRef = B84F1CB61ACEA44A00837A3B /* SerialQueue.swift */; };
		B84F1CB91ACEBEB800837A3B /* ConcurrentQueue.swift in Sources */ = {isa = PBXBuildFile; fileRef = B84F1CB81ACEBEB800837A3B /* ConcurrentQueue.swift */; };
		B84F1CBB1ACEF09200837A3B /* DispatchGroup.swift in Sources */ = {isa = PBXBuildFile; fileRef = B84F1CBA1ACEF09200837A3B /* DispatchGroup.swift */; };
		B84F1CBD1ACEFA7700837A3B /* Utils.swift in Sources */ = {isa = PBXBuildFile; fileRef = B84F1CBC1ACEFA7600837A3B /* Utils.swift */; };
/* End PBXBuildFile section */

/* Begin PBXContainerItemProxy section */
		B84F1CA51ACE99DC00837A3B /* PBXContainerItemProxy */ = {
			isa = PBXContainerItemProxy;
			containerPortal = B84F1C8F1ACE99DC00837A3B /* Project object */;
			proxyType = 1;
			remoteGlobalIDString = B84F1C971ACE99DC00837A3B;
			remoteInfo = DispatchQueue;
		};
/* End PBXContainerItemProxy section */

/* Begin PBXFileReference section */
		B84F1C981ACE99DC00837A3B /* DispatchQueue.framework */ = {isa = PBXFileReference; explicitFileType = wrapper.framework; includeInIndex = 0; path = DispatchQueue.framework; sourceTree = BUILT_PRODUCTS_DIR; };
		B84F1C9C1ACE99DC00837A3B /* Info.plist */ = {isa = PBXFileReference; lastKnownFileType = text.plist.xml; path = Info.plist; sourceTree = "<group>"; };
		B84F1C9D1ACE99DC00837A3B /* DispatchQueue.h */ = {isa = PBXFileReference; lastKnownFileType = sourcecode.c.h; path = DispatchQueue.h; sourceTree = "<group>"; };
		B84F1CA31ACE99DC00837A3B /* DispatchQueueTests.xctest */ = {isa = PBXFileReference; explicitFileType = wrapper.cfbundle; includeInIndex = 0; path = DispatchQueueTests.xctest; sourceTree = BUILT_PRODUCTS_DIR; };
		B84F1CA91ACE99DC00837A3B /* Info.plist */ = {isa = PBXFileReference; lastKnownFileType = text.plist.xml; path = Info.plist; sourceTree = "<group>"; };
		B84F1CAA1ACE99DC00837A3B /* DispatchQueueTests.swift */ = {isa = PBXFileReference; lastKnownFileType = sourcecode.swift; path = DispatchQueueTests.swift; sourceTree = "<group>"; };
		B84F1CB41ACEA09300837A3B /* DispatchQueue.swift */ = {isa = PBXFileReference; fileEncoding = 4; lastKnownFileType = sourcecode.swift; path = DispatchQueue.swift; sourceTree = "<group>"; };
		B84F1CB61ACEA44A00837A3B /* SerialQueue.swift */ = {isa = PBXFileReference; fileEncoding = 4; lastKnownFileType = sourcecode.swift; path = SerialQueue.swift; sourceTree = "<group>"; };
		B84F1CB81ACEBEB800837A3B /* ConcurrentQueue.swift */ = {isa = PBXFileReference; fileEncoding = 4; lastKnownFileType = sourcecode.swift; path = ConcurrentQueue.swift; sourceTree = "<group>"; };
		B84F1CBA1ACEF09200837A3B /* DispatchGroup.swift */ = {isa = PBXFileReference; fileEncoding = 4; lastKnownFileType = sourcecode.swift; path = DispatchGroup.swift; sourceTree = "<group>"; };
		B84F1CBC1ACEFA7600837A3B /* Utils.swift */ = {isa = PBXFileReference; fileEncoding = 4; lastKnownFileType = sourcecode.swift; path = Utils.swift; sourceTree = "<group>"; };
/* End PBXFileReference section */

/* Begin PBXFrameworksBuildPhase section */
		B84F1C941ACE99DC00837A3B /* Frameworks */ = {
			isa = PBXFrameworksBuildPhase;
			buildActionMask = 2147483647;
			files = (
			);
			runOnlyForDeploymentPostprocessing = 0;
		};
		B84F1CA01ACE99DC00837A3B /* Frameworks */ = {
			isa = PBXFrameworksBuildPhase;
			buildActionMask = 2147483647;
			files = (
				B84F1CA41ACE99DC00837A3B /* DispatchQueue.framework in Frameworks */,
			);
			runOnlyForDeploymentPostprocessing = 0;
		};
/* End PBXFrameworksBuildPhase section */

/* Begin PBXGroup section */
		B84F1C8E1ACE99DC00837A3B = {
			isa = PBXGroup;
			children = (
				B84F1C9A1ACE99DC00837A3B /* DispatchQueue */,
				B84F1CA71ACE99DC00837A3B /* DispatchQueueTests */,
				B84F1C991ACE99DC00837A3B /* Products */,
			);
			sourceTree = "<group>";
		};
		B84F1C991ACE99DC00837A3B /* Products */ = {
			isa = PBXGroup;
			children = (
				B84F1C981ACE99DC00837A3B /* DispatchQueue.framework */,
				B84F1CA31ACE99DC00837A3B /* DispatchQueueTests.xctest */,
			);
			name = Products;
			sourceTree = "<group>";
		};
		B84F1C9A1ACE99DC00837A3B /* DispatchQueue */ = {
			isa = PBXGroup;
			children = (
				B84F1C9D1ACE99DC00837A3B /* DispatchQueue.h */,
				B84F1C9B1ACE99DC00837A3B /* Supporting Files */,
				B84F1CB41ACEA09300837A3B /* DispatchQueue.swift */,
				B84F1CB61ACEA44A00837A3B /* SerialQueue.swift */,
				B84F1CB81ACEBEB800837A3B /* ConcurrentQueue.swift */,
				B84F1CBA1ACEF09200837A3B /* DispatchGroup.swift */,
				B84F1CBC1ACEFA7600837A3B /* Utils.swift */,
			);
			path = DispatchQueue;
			sourceTree = "<group>";
		};
		B84F1C9B1ACE99DC00837A3B /* Supporting Files */ = {
			isa = PBXGroup;
			children = (
				B84F1C9C1ACE99DC00837A3B /* Info.plist */,
			);
			name = "Supporting Files";
			sourceTree = "<group>";
		};
		B84F1CA71ACE99DC00837A3B /* DispatchQueueTests */ = {
			isa = PBXGroup;
			children = (
				B84F1CAA1ACE99DC00837A3B /* DispatchQueueTests.swift */,
				B84F1CA81ACE99DC00837A3B /* Supporting Files */,
			);
			path = DispatchQueueTests;
			sourceTree = "<group>";
		};
		B84F1CA81ACE99DC00837A3B /* Supporting Files */ = {
			isa = PBXGroup;
			children = (
				B84F1CA91ACE99DC00837A3B /* Info.plist */,
			);
			name = "Supporting Files";
			sourceTree = "<group>";
		};
/* End PBXGroup section */

/* Begin PBXHeadersBuildPhase section */
		B84F1C951ACE99DC00837A3B /* Headers */ = {
			isa = PBXHeadersBuildPhase;
			buildActionMask = 2147483647;
			files = (
				B84F1C9E1ACE99DC00837A3B /* DispatchQueue.h in Headers */,
			);
			runOnlyForDeploymentPostprocessing = 0;
		};
/* End PBXHeadersBuildPhase section */

/* Begin PBXNativeTarget section */
		B84F1C971ACE99DC00837A3B /* DispatchQueue */ = {
			isa = PBXNativeTarget;
			buildConfigurationList = B84F1CAE1ACE99DC00837A3B /* Build configuration list for PBXNativeTarget "DispatchQueue" */;
			buildPhases = (
				B84F1C931ACE99DC00837A3B /* Sources */,
				B84F1C941ACE99DC00837A3B /* Frameworks */,
				B84F1C951ACE99DC00837A3B /* Headers */,
				B84F1C961ACE99DC00837A3B /* Resources */,
			);
			buildRules = (
			);
			dependencies = (
			);
			name = DispatchQueue;
			productName = DispatchQueue;
			productReference = B84F1C981ACE99DC00837A3B /* DispatchQueue.framework */;
			productType = "com.apple.product-type.framework";
		};
		B84F1CA21ACE99DC00837A3B /* DispatchQueueTests */ = {
			isa = PBXNativeTarget;
			buildConfigurationList = B84F1CB11ACE99DC00837A3B /* Build configuration list for PBXNativeTarget "DispatchQueueTests" */;
			buildPhases = (
				B84F1C9F1ACE99DC00837A3B /* Sources */,
				B84F1CA01ACE99DC00837A3B /* Frameworks */,
				B84F1CA11ACE99DC00837A3B /* Resources */,
			);
			buildRules = (
			);
			dependencies = (
				B84F1CA61ACE99DC00837A3B /* PBXTargetDependency */,
			);
			name = DispatchQueueTests;
			productName = DispatchQueueTests;
			productReference = B84F1CA31ACE99DC00837A3B /* DispatchQueueTests.xctest */;
			productType = "com.apple.product-type.bundle.unit-test";
		};
/* End PBXNativeTarget section */

/* Begin PBXProject section */
		B84F1C8F1ACE99DC00837A3B /* Project object */ = {
			isa = PBXProject;
			attributes = {
				LastUpgradeCheck = 0620;
				ORGANIZATIONNAME = "Abdulmunaf Chhatra";
				TargetAttributes = {
					B84F1C971ACE99DC00837A3B = {
						CreatedOnToolsVersion = 6.2;
					};
					B84F1CA21ACE99DC00837A3B = {
						CreatedOnToolsVersion = 6.2;
					};
				};
			};
			buildConfigurationList = B84F1C921ACE99DC00837A3B /* Build configuration list for PBXProject "DispatchQueue" */;
			compatibilityVersion = "Xcode 3.2";
			developmentRegion = English;
			hasScannedForEncodings = 0;
			knownRegions = (
				en,
			);
			mainGroup = B84F1C8E1ACE99DC00837A3B;
			productRefGroup = B84F1C991ACE99DC00837A3B /* Products */;
			projectDirPath = "";
			projectRoot = "";
			targets = (
				B84F1C971ACE99DC00837A3B /* DispatchQueue */,
				B84F1CA21ACE99DC00837A3B /* DispatchQueueTests */,
			);
		};
/* End PBXProject section */

/* Begin PBXResourcesBuildPhase section */
		B84F1C961ACE99DC00837A3B /* Resources */ = {
			isa = PBXResourcesBuildPhase;
			buildActionMask = 2147483647;
			files = (
			);
			runOnlyForDeploymentPostprocessing = 0;
		};
		B84F1CA11ACE99DC00837A3B /* Resources */ = {
			isa = PBXResourcesBuildPhase;
			buildActionMask = 2147483647;
			files = (
			);
			runOnlyForDeploymentPostprocessing = 0;
		};
/* End PBXResourcesBuildPhase section */

/* Begin PBXSourcesBuildPhase section */
		B84F1C931ACE99DC00837A3B /* Sources */ = {
			isa = PBXSourcesBuildPhase;
			buildActionMask = 2147483647;
			files = (
				B84F1CBD1ACEFA7700837A3B /* Utils.swift in Sources */,
				B84F1CB51ACEA09300837A3B /* DispatchQueue.swift in Sources */,
				B84F1CB71ACEA44A00837A3B /* SerialQueue.swift in Sources */,
				B84F1CB91ACEBEB800837A3B /* ConcurrentQueue.swift in Sources */,
				B84F1CBB1ACEF09200837A3B /* DispatchGroup.swift in Sources */,
			);
			runOnlyForDeploymentPostprocessing = 0;
		};
		B84F1C9F1ACE99DC00837A3B /* Sources */ = {
			isa = PBXSourcesBuildPhase;
			buildActionMask = 2147483647;
			files = (
				B84F1CAB1ACE99DC00837A3B /* DispatchQueueTests.swift in Sources */,
			);
			runOnlyForDeploymentPostprocessing = 0;
		};
/* End PBXSourcesBuildPhase section */

/* Begin PBXTargetDependency section */
		B84F1CA61ACE99DC00837A3B /* PBXTargetDependency */ = {
			isa = PBXTargetDependency;
			target = B84F1C971ACE99DC00837A3B /* DispatchQueue */;
			targetProxy = B84F1CA51ACE99DC00837A3B /* PBXContainerItemProxy */;
		};
/* End PBXTargetDependency section */

/* Begin XCBuildConfiguration section */
		B84F1CAC1ACE99DC00837A3B /* Debug */ = {
			isa = XCBuildConfiguration;
			buildSettings = {
				ALWAYS_SEARCH_USER_PATHS = NO;
				CLANG_CXX_LANGUAGE_STANDARD = "gnu++0x";
				CLANG_CXX_LIBRARY = "libc++";
				CLANG_ENABLE_MODULES = YES;
				CLANG_ENABLE_OBJC_ARC = YES;
				CLANG_WARN_BOOL_CONVERSION = YES;
				CLANG_WARN_CONSTANT_CONVERSION = YES;
				CLANG_WARN_DIRECT_OBJC_ISA_USAGE = YES_ERROR;
				CLANG_WARN_EMPTY_BODY = YES;
				CLANG_WARN_ENUM_CONVERSION = YES;
				CLANG_WARN_INT_CONVERSION = YES;
				CLANG_WARN_OBJC_ROOT_CLASS = YES_ERROR;
				CLANG_WARN_UNREACHABLE_CODE = YES;
				CLANG_WARN__DUPLICATE_METHOD_MATCH = YES;
				"CODE_SIGN_IDENTITY[sdk=iphoneos*]" = "iPhone Developer";
				COPY_PHASE_STRIP = NO;
				CURRENT_PROJECT_VERSION = 1;
				ENABLE_STRICT_OBJC_MSGSEND = YES;
				GCC_C_LANGUAGE_STANDARD = gnu99;
				GCC_DYNAMIC_NO_PIC = NO;
				GCC_OPTIMIZATION_LEVEL = 0;
				GCC_PREPROCESSOR_DEFINITIONS = (
					"DEBUG=1",
					"$(inherited)",
				);
				GCC_SYMBOLS_PRIVATE_EXTERN = NO;
				GCC_WARN_64_TO_32_BIT_CONVERSION = YES;
				GCC_WARN_ABOUT_RETURN_TYPE = YES_ERROR;
				GCC_WARN_UNDECLARED_SELECTOR = YES;
				GCC_WARN_UNINITIALIZED_AUTOS = YES_AGGRESSIVE;
				GCC_WARN_UNUSED_FUNCTION = YES;
				GCC_WARN_UNUSED_VARIABLE = YES;
				IPHONEOS_DEPLOYMENT_TARGET = 8.2;
				MTL_ENABLE_DEBUG_INFO = YES;
				ONLY_ACTIVE_ARCH = YES;
				SDKROOT = iphoneos;
				SWIFT_OPTIMIZATION_LEVEL = "-Onone";
				TARGETED_DEVICE_FAMILY = "1,2";
				VERSIONING_SYSTEM = "apple-generic";
				VERSION_INFO_PREFIX = "";
			};
			name = Debug;
		};
		B84F1CAD1ACE99DC00837A3B /* Release */ = {
			isa = XCBuildConfiguration;
			buildSettings = {
				ALWAYS_SEARCH_USER_PATHS = NO;
				CLANG_CXX_LANGUAGE_STANDARD = "gnu++0x";
				CLANG_CXX_LIBRARY = "libc++";
				CLANG_ENABLE_MODULES = YES;
				CLANG_ENABLE_OBJC_ARC = YES;
				CLANG_WARN_BOOL_CONVERSION = YES;
				CLANG_WARN_CONSTANT_CONVERSION = YES;
				CLANG_WARN_DIRECT_OBJC_ISA_USAGE = YES_ERROR;
				CLANG_WARN_EMPTY_BODY = YES;
				CLANG_WARN_ENUM_CONVERSION = YES;
				CLANG_WARN_INT_CONVERSION = YES;
				CLANG_WARN_OBJC_ROOT_CLASS = YES_ERROR;
				CLANG_WARN_UNREACHABLE_CODE = YES;
				CLANG_WARN__DUPLICATE_METHOD_MATCH = YES;
				"CODE_SIGN_IDENTITY[sdk=iphoneos*]" = "iPhone Developer";
				COPY_PHASE_STRIP = NO;
				CURRENT_PROJECT_VERSION = 1;
				ENABLE_NS_ASSERTIONS = NO;
				ENABLE_STRICT_OBJC_MSGSEND = YES;
				GCC_C_LANGUAGE_STANDARD = gnu99;
				GCC_WARN_64_TO_32_BIT_CONVERSION = YES;
				GCC_WARN_ABOUT_RETURN_TYPE = YES_ERROR;
				GCC_WARN_UNDECLARED_SELECTOR = YES;
				GCC_WARN_UNINITIALIZED_AUTOS = YES_AGGRESSIVE;
				GCC_WARN_UNUSED_FUNCTION = YES;
				GCC_WARN_UNUSED_VARIABLE = YES;
				IPHONEOS_DEPLOYMENT_TARGET = 8.2;
				MTL_ENABLE_DEBUG_INFO = NO;
				SDKROOT = iphoneos;
				TARGETED_DEVICE_FAMILY = "1,2";
				VALIDATE_PRODUCT = YES;
				VERSIONING_SYSTEM = "apple-generic";
				VERSION_INFO_PREFIX = "";
			};
			name = Release;
		};
		B84F1CAF1ACE99DC00837A3B /* Debug */ = {
			isa = XCBuildConfiguration;
			buildSettings = {
				CLANG_ENABLE_MODULES = YES;
				DEFINES_MODULE = YES;
				DYLIB_COMPATIBILITY_VERSION = 1;
				DYLIB_CURRENT_VERSION = 1;
				DYLIB_INSTALL_NAME_BASE = "@rpath";
				INFOPLIST_FILE = DispatchQueue/Info.plist;
				INSTALL_PATH = "$(LOCAL_LIBRARY_DIR)/Frameworks";
				LD_RUNPATH_SEARCH_PATHS = "$(inherited) @executable_path/Frameworks @loader_path/Frameworks";
				PRODUCT_NAME = "$(TARGET_NAME)";
				SKIP_INSTALL = YES;
				SWIFT_OPTIMIZATION_LEVEL = "-Onone";
			};
			name = Debug;
		};
		B84F1CB01ACE99DC00837A3B /* Release */ = {
			isa = XCBuildConfiguration;
			buildSettings = {
				CLANG_ENABLE_MODULES = YES;
				DEFINES_MODULE = YES;
				DYLIB_COMPATIBILITY_VERSION = 1;
				DYLIB_CURRENT_VERSION = 1;
				DYLIB_INSTALL_NAME_BASE = "@rpath";
				INFOPLIST_FILE = DispatchQueue/Info.plist;
				INSTALL_PATH = "$(LOCAL_LIBRARY_DIR)/Frameworks";
				LD_RUNPATH_SEARCH_PATHS = "$(inherited) @executable_path/Frameworks @loader_path/Frameworks";
				PRODUCT_NAME = "$(TARGET_NAME)";
				SKIP_INSTALL = YES;
			};
			name = Release;
		};
		B84F1CB21ACE99DC00837A3B /* Debug */ = {
			isa = XCBuildConfiguration;
			buildSettings = {
				FRAMEWORK_SEARCH_PATHS = (
					"$(SDKROOT)/Developer/Library/Frameworks",
					"$(inherited)",
				);
				GCC_PREPROCESSOR_DEFINITIONS = (
					"DEBUG=1",
					"$(inherited)",
				);
				INFOPLIST_FILE = DispatchQueueTests/Info.plist;
				LD_RUNPATH_SEARCH_PATHS = "$(inherited) @executable_path/Frameworks @loader_path/Frameworks";
				PRODUCT_NAME = "$(TARGET_NAME)";
			};
			name = Debug;
		};
		B84F1CB31ACE99DC00837A3B /* Release */ = {
			isa = XCBuildConfiguration;
			buildSettings = {
				FRAMEWORK_SEARCH_PATHS = (
					"$(SDKROOT)/Developer/Library/Frameworks",
					"$(inherited)",
				);
				INFOPLIST_FILE = DispatchQueueTests/Info.plist;
				LD_RUNPATH_SEARCH_PATHS = "$(inherited) @executable_path/Frameworks @loader_path/Frameworks";
				PRODUCT_NAME = "$(TARGET_NAME)";
			};
			name = Release;
		};
/* End XCBuildConfiguration section */

/* Begin XCConfigurationList section */
		B84F1C921ACE99DC00837A3B /* Build configuration list for PBXProject "DispatchQueue" */ = {
			isa = XCConfigurationList;
			buildConfigurations = (
				B84F1CAC1ACE99DC00837A3B /* Debug */,
				B84F1CAD1ACE99DC00837A3B /* Release */,
			);
			defaultConfigurationIsVisible = 0;
			defaultConfigurationName = Release;
		};
		B84F1CAE1ACE99DC00837A3B /* Build configuration list for PBXNativeTarget "DispatchQueue" */ = {
			isa = XCConfigurationList;
			buildConfigurations = (
				B84F1CAF1ACE99DC00837A3B /* Debug */,
				B84F1CB01ACE99DC00837A3B /* Release */,
			);
			defaultConfigurationIsVisible = 0;
			defaultConfigurationName = Release;
		};
		B84F1CB11ACE99DC00837A3B /* Build configuration list for PBXNativeTarget "DispatchQueueTests" */ = {
			isa = XCConfigurationList;
			buildConfigurations = (
				B84F1CB21ACE99DC00837A3B /* Debug */,
				B84F1CB31ACE99DC00837A3B /* Release */,
			);
			defaultConfigurationIsVisible = 0;
			defaultConfigurationName = Release;
		};
/* End XCConfigurationList section */
	};
	rootObject = B84F1C8F1ACE99DC00837A3B /* Project object */;
}
